{
  "object": {
    "pins": [
      {
        "package": "RIBs",
        "repositoryURL": "https://github.com/uber/RIBs-iOS.git",
        "state": {
          "branch": null,
          "revision": "53f7cb391d48c385730df6ce1fb95029bca9d25a",
          "version": "1.0.0"
        }
      },
      {
        "package": "RxSwift",
        "repositoryURL": "https://github.com/ReactiveX/RxSwift.git",
        "state": {
          "branch": null,
          "revision": "132aea4f236ccadc51590b38af0357a331d51fa2",
          "version": "6.10.2"
        }
      }
    ]
  },
  "version": 1
}
