# THIS IS AN AUTOGENERATED FILE. DO NOT EDIT THIS FILE DIRECTLY.
# yarn lockfile v1


ws@^7.4.6:
  version "7.4.6"
  resolved "https://registry.yarnpkg.com/ws/-/ws-7.4.6.tgz#5654ca8ecdeee47c33a9a4bf6d28e2be2980377c"
  integrity sha512-YmhHDO4MzaDLB+M9ym/mDA5z0naX8j7SIlT8f8z+I0VtzsRbekxEutHSme7NPS2qE8StCYQNUnfWdXta/Yu85A==

yarn@^1.22.4:
  version "1.22.4"
  resolved "https://registry.yarnpkg.com/yarn/-/yarn-1.22.4.tgz#01c1197ca5b27f21edc8bc472cd4c8ce0e5a470e"
  integrity sha512-oYM7hi/lIWm9bCoDMEWgffW8aiNZXCWeZ1/tGy0DWrN6vmzjCXIKu2Y21o8DYVBUtiktwKcNoxyGl/2iKLUNGA==
